
Microsoft Visual Studio Solution File, Format Version 12.00
# Visual Studio 15
VisualStudioVersion = 15.0.28307.329
MinimumVisualStudioVersion = 10.0.40219.1
Project("{8BC9CEB8-8B4A-11D0-8D11-00A0C91BC942}") = "Simpson38CLR", "Simpson38CLR\Simpson38CLR.vcxproj", "{9CADD031-0505-4755-8F8F-1C718F5B686F}"
EndProject
Global
	GlobalSection(SolutionConfigurationPlatforms) = preSolution
		Debug|x64 = Debug|x64
		Debug|x86 = Debug|x86
		Release|x64 = Release|x64
		Release|x86 = Release|x86
	EndGlobalSection
	GlobalSection(ProjectConfigurationPlatforms) = postSolution
		{9CADD031-0505-4755-8F8F-1C718F5B686F}.Debug|x64.ActiveCfg = Debug|x64
		{9CADD031-0505-4755-8F8F-1C718F5B686F}.Debug|x64.Build.0 = Debug|x64
		{9CADD031-0505-4755-8F8F-1C718F5B686F}.Debug|x86.ActiveCfg = Debug|Win32
		{9CADD031-0505-4755-8F8F-1C718F5B686F}.Debug|x86.Build.0 = Debug|Win32
		{9CADD031-0505-4755-8F8F-1C718F5B686F}.Release|x64.ActiveCfg = Release|x64
		{9CADD031-0505-4755-8F8F-1C718F5B686F}.Release|x64.Build.0 = Release|x64
		{9CADD031-0505-4755-8F8F-1C718F5B686F}.Release|x86.ActiveCfg = Release|Win32
		{9CADD031-0505-4755-8F8F-1C718F5B686F}.Release|x86.Build.0 = Release|Win32
	EndGlobalSection
	GlobalSection(SolutionProperties) = preSolution
		HideSolutionNode = FALSE
	EndGlobalSection
	GlobalSection(ExtensibilityGlobals) = postSolution
		SolutionGuid = {F6D3C502-4623-4523-B5E6-37A47EA9A56C}
	EndGlobalSection
EndGlobal
