
Microsoft Visual Studio Solution File, Format Version 12.00
# Visual Studio 15
VisualStudioVersion = 15.0.28307.329
MinimumVisualStudioVersion = 10.0.40219.1
Project("{8BC9CEB8-8B4A-11D0-8D11-00A0C91BC942}") = "practicaSselWindows", "practicaSselWindows\practicaSselWindows.vcxproj", "{78C71020-4DAC-44B6-8F97-E8DCD6F88BF0}"
EndProject
Global
	GlobalSection(SolutionConfigurationPlatforms) = preSolution
		Debug|x64 = Debug|x64
		Debug|x86 = Debug|x86
		Release|x64 = Release|x64
		Release|x86 = Release|x86
	EndGlobalSection
	GlobalSection(ProjectConfigurationPlatforms) = postSolution
		{78C71020-4DAC-44B6-8F97-E8DCD6F88BF0}.Debug|x64.ActiveCfg = Debug|x64
		{78C71020-4DAC-44B6-8F97-E8DCD6F88BF0}.Debug|x64.Build.0 = Debug|x64
		{78C71020-4DAC-44B6-8F97-E8DCD6F88BF0}.Debug|x86.ActiveCfg = Debug|Win32
		{78C71020-4DAC-44B6-8F97-E8DCD6F88BF0}.Debug|x86.Build.0 = Debug|Win32
		{78C71020-4DAC-44B6-8F97-E8DCD6F88BF0}.Release|x64.ActiveCfg = Release|x64
		{78C71020-4DAC-44B6-8F97-E8DCD6F88BF0}.Release|x64.Build.0 = Release|x64
		{78C71020-4DAC-44B6-8F97-E8DCD6F88BF0}.Release|x86.ActiveCfg = Release|Win32
		{78C71020-4DAC-44B6-8F97-E8DCD6F88BF0}.Release|x86.Build.0 = Release|Win32
	EndGlobalSection
	GlobalSection(SolutionProperties) = preSolution
		HideSolutionNode = FALSE
	EndGlobalSection
	GlobalSection(ExtensibilityGlobals) = postSolution
		SolutionGuid = {3D3188F5-6923-4294-969D-753E4EB21D58}
	EndGlobalSection
EndGlobal
