
Microsoft Visual Studio Solution File, Format Version 12.00
# Visual Studio 15
VisualStudioVersion = 15.0.28307.329
MinimumVisualStudioVersion = 10.0.40219.1
Project("{8BC9CEB8-8B4A-11D0-8D11-00A0C91BC942}") = "lanzador", "lanzador\lanzador.vcxproj", "{FD7FE9CF-CEFB-48BB-942D-2D59EE35693A}"
EndProject
Global
	GlobalSection(SolutionConfigurationPlatforms) = preSolution
		Debug|x64 = Debug|x64
		Debug|x86 = Debug|x86
		Release|x64 = Release|x64
		Release|x86 = Release|x86
	EndGlobalSection
	GlobalSection(ProjectConfigurationPlatforms) = postSolution
		{FD7FE9CF-CEFB-48BB-942D-2D59EE35693A}.Debug|x64.ActiveCfg = Debug|x64
		{FD7FE9CF-CEFB-48BB-942D-2D59EE35693A}.Debug|x64.Build.0 = Debug|x64
		{FD7FE9CF-CEFB-48BB-942D-2D59EE35693A}.Debug|x86.ActiveCfg = Debug|Win32
		{FD7FE9CF-CEFB-48BB-942D-2D59EE35693A}.Debug|x86.Build.0 = Debug|Win32
		{FD7FE9CF-CEFB-48BB-942D-2D59EE35693A}.Release|x64.ActiveCfg = Release|x64
		{FD7FE9CF-CEFB-48BB-942D-2D59EE35693A}.Release|x64.Build.0 = Release|x64
		{FD7FE9CF-CEFB-48BB-942D-2D59EE35693A}.Release|x86.ActiveCfg = Release|Win32
		{FD7FE9CF-CEFB-48BB-942D-2D59EE35693A}.Release|x86.Build.0 = Release|Win32
	EndGlobalSection
	GlobalSection(SolutionProperties) = preSolution
		HideSolutionNode = FALSE
	EndGlobalSection
	GlobalSection(ExtensibilityGlobals) = postSolution
		SolutionGuid = {9A3B6A88-0184-4817-BD98-69D312CED5FB}
	EndGlobalSection
EndGlobal
